
Microsoft Visual Studio Solution File, Format Version 12.00
# Visual Studio Version 17
VisualStudioVersion = 17.0.31903.59
MinimumVisualStudioVersion = 10.0.40219.1
Project("{FAE04EC0-301F-11D3-BF4B-00C04F79EFBC}") = "LeaveManagement", "LeaveManagement\LeaveManagement.csproj", "{C3CBC4C1-4F0B-4557-B5DF-34CBAC4A85E2}"
EndProject
Global
	GlobalSection(SolutionConfigurationPlatforms) = preSolution
		Debug|Any CPU = Debug|Any CPU
		Release|Any CPU = Release|Any CPU
	EndGlobalSection
	GlobalSection(ProjectConfigurationPlatforms) = postSolution
		{C3CBC4C1-4F0B-4557-B5DF-34CBAC4A85E2}.Debug|Any CPU.ActiveCfg = Debug|Any CPU
		{C3CBC4C1-4F0B-4557-B5DF-34CBAC4A85E2}.Debug|Any CPU.Build.0 = Debug|Any CPU
		{C3CBC4C1-4F0B-4557-B5DF-34CBAC4A85E2}.Release|Any CPU.ActiveCfg = Release|Any CPU
		{C3CBC4C1-4F0B-4557-B5DF-34CBAC4A85E2}.Release|Any CPU.Build.0 = Release|Any CPU
	EndGlobalSection
	GlobalSection(SolutionProperties) = preSolution
		HideSolutionNode = FALSE
	EndGlobalSection
	GlobalSection(ExtensibilityGlobals) = postSolution
		SolutionGuid = {7ACEBD5F-E1E9-4663-B134-DAD81FAE17DA}
	EndGlobalSection
EndGlobal
